// !$*UTF8*$!
{
	archiveVersion = 1;
	classes = {
	};
	objectVersion = 77;
	objects = {

/* Begin PBXBuildFile section */
		380685F32EA10C7400F6DBBB /* hi_jim Watch App.app in Embed Watch Content */ = {isa = PBXBuildFile; fileRef = 380685F22EA10C7400F6DBBB /* hi_jim Watch App.app */; settings = {ATTRIBUTES = (RemoveHeadersOnCopy, ); }; };
		380686292EA10E8B00F6DBBB /* FirebaseAnalytics in Frameworks */ = {isa = PBXBuildFile; productRef = 380686282EA10E8B00F6DBBB /* FirebaseAnalytics */; };
		380686512EA118BD00F6DBBB /* FirebaseDatabase in Frameworks */ = {isa = PBXBuildFile; productRef = 380686502EA118BD00F6DBBB /* FirebaseDatabase */; };
		380686532EA118BD00F6DBBB /* FirebaseFirestore in Frameworks */ = {isa = PBXBuildFile; productRef = 380686522EA118BD00F6DBBB /* FirebaseFirestore */; };
		380687032EA10C7400F6DBBB /* FirebaseMessaging in Frameworks */ = {isa = PBXBuildFile; productRef = 380687072EA10C7400F6DBBB /* FirebaseMessaging */; };
		380687042EA10C7400F6DBBB /* FirebaseAnalytics in Frameworks */ = {isa = PBXBuildFile; productRef = 380686282EA10E8B00F6DBBB /* FirebaseAnalytics */; };
		380687052EA10C7400F6DBBB /* FirebaseDatabase in Frameworks */ = {isa = PBXBuildFile; productRef = 380686502EA118BD00F6DBBB /* FirebaseDatabase */; };
/* End PBXBuildFile section */

/* Begin PBXContainerItemProxy section */
		380685F42EA10C7400F6DBBB /* PBXContainerItemProxy */ = {
			isa = PBXContainerItemProxy;
			containerPortal = 380685E62EA10C7400F6DBBB /* Project object */;
			proxyType = 1;
			remoteGlobalIDString = 380685F12EA10C7400F6DBBB;
			remoteInfo = "hi_jim Watch App";
		};
		380686052EA10C7500F6DBBB /* PBXContainerItemProxy */ = {
			isa = PBXContainerItemProxy;
			containerPortal = 380685E62EA10C7400F6DBBB /* Project object */;
			proxyType = 1;
			remoteGlobalIDString = 380685F12EA10C7400F6DBBB;
			remoteInfo = "hi_jim Watch App";
		};
		3806860F2EA10C7500F6DBBB /* PBXContainerItemProxy */ = {
			isa = PBXContainerItemProxy;
			containerPortal = 380685E62EA10C7400F6DBBB /* Project object */;
			proxyType = 1;
			remoteGlobalIDString = 380685F12EA10C7400F6DBBB;
			remoteInfo = "hi_jim Watch App";
		};
/* End PBXContainerItemProxy section */

/* Begin PBXCopyFilesBuildPhase section */
		3806861B2EA10C7500F6DBBB /* Embed Watch Content */ = {
			isa = PBXCopyFilesBuildPhase;
			buildActionMask = 2147483647;
			dstPath = "$(CONTENTS_FOLDER_PATH)/Watch";
			dstSubfolderSpec = 16;
			files = (
				380685F32EA10C7400F6DBBB /* hi_jim Watch App.app in Embed Watch Content */,
			);
			name = "Embed Watch Content";
			runOnlyForDeploymentPostprocessing = 0;
		};
/* End PBXCopyFilesBuildPhase section */

/* Begin PBXFileReference section */
		380685EC2EA10C7400F6DBBB /* hi_jim.app */ = {isa = PBXFileReference; explicitFileType = wrapper.application; includeInIndex = 0; path = hi_jim.app; sourceTree = BUILT_PRODUCTS_DIR; };
		380685F22EA10C7400F6DBBB /* hi_jim Watch App.app */ = {isa = PBXFileReference; explicitFileType = wrapper.application; includeInIndex = 0; path = "hi_jim Watch App.app"; sourceTree = BUILT_PRODUCTS_DIR; };
		380686042EA10C7500F6DBBB /* hi_jim Watch AppTests.xctest */ = {isa = PBXFileReference; explicitFileType = wrapper.cfbundle; includeInIndex = 0; path = "hi_jim Watch AppTests.xctest"; sourceTree = BUILT_PRODUCTS_DIR; };
		3806860E2EA10C7500F6DBBB /* hi_jim Watch AppUITests.xctest */ = {isa = PBXFileReference; explicitFileType = wrapper.cfbundle; includeInIndex = 0; path = "hi_jim Watch AppUITests.xctest"; sourceTree = BUILT_PRODUCTS_DIR; };
/* End PBXFileReference section */

/* Begin PBXFileSystemSynchronizedRootGroup section */
		380685F62EA10C7400F6DBBB /* hi_jim Watch App */ = {
			isa = PBXFileSystemSynchronizedRootGroup;
			path = "hi_jim Watch App";
			sourceTree = "<group>";
		};
		380686072EA10C7500F6DBBB /* hi_jim Watch AppTests */ = {
			isa = PBXFileSystemSynchronizedRootGroup;
			path = "hi_jim Watch AppTests";
			sourceTree = "<group>";
		};
		380686112EA10C7500F6DBBB /* hi_jim Watch AppUITests */ = {
			isa = PBXFileSystemSynchronizedRootGroup;
			path = "hi_jim Watch AppUITests";
			sourceTree = "<group>";
		};
		380687062EA10C7400F6DBBB /* hi_jim iOS App */ = {
			isa = PBXFileSystemSynchronizedRootGroup;
			path = "hi_jim iOS App";
			sourceTree = "<group>";
		};
/* End PBXFileSystemSynchronizedRootGroup section */

/* Begin PBXFrameworksBuildPhase section */
		380685EF2EA10C7400F6DBBB /* Frameworks */ = {
			isa = PBXFrameworksBuildPhase;
			buildActionMask = 2147483647;
			files = (
				380686512EA118BD00F6DBBB /* FirebaseDatabase in Frameworks */,
				380686292EA10E8B00F6DBBB /* FirebaseAnalytics in Frameworks */,
				380686532EA118BD00F6DBBB /* FirebaseFirestore in Frameworks */,
			);
			runOnlyForDeploymentPostprocessing = 0;
		};
		380686012EA10C7500F6DBBB /* Frameworks */ = {
			isa = PBXFrameworksBuildPhase;
			buildActionMask = 2147483647;
			files = (
			);
			runOnlyForDeploymentPostprocessing = 0;
		};
		3806860B2EA10C7500F6DBBB /* Frameworks */ = {
			isa = PBXFrameworksBuildPhase;
			buildActionMask = 2147483647;
			files = (
			);
			runOnlyForDeploymentPostprocessing = 0;
		};
		380687022EA10C7400F6DBBB /* Frameworks */ = {
			isa = PBXFrameworksBuildPhase;
			buildActionMask = 2147483647;
			files = (
				380687032EA10C7400F6DBBB /* FirebaseMessaging in Frameworks */,
				380687042EA10C7400F6DBBB /* FirebaseAnalytics in Frameworks */,
				380687052EA10C7400F6DBBB /* FirebaseDatabase in Frameworks */,
			);
			runOnlyForDeploymentPostprocessing = 0;
		};
/* End PBXFrameworksBuildPhase section */

/* Begin PBXGroup section */
		380685E52EA10C7400F6DBBB = {
			isa = PBXGroup;
			children = (
				380687062EA10C7400F6DBBB /* hi_jim iOS App */,
				380685F62EA10C7400F6DBBB /* hi_jim Watch App */,
				380686072EA10C7500F6DBBB /* hi_jim Watch AppTests */,
				380686112EA10C7500F6DBBB /* hi_jim Watch AppUITests */,
				380685ED2EA10C7400F6DBBB /* Products */,
			);
			sourceTree = "<group>";
		};
		380685ED2EA10C7400F6DBBB /* Products */ = {
			isa = PBXGroup;
			children = (
				380685EC2EA10C7400F6DBBB /* hi_jim.app */,
				380685F22EA10C7400F6DBBB /* hi_jim Watch App.app */,
				380686042EA10C7500F6DBBB /* hi_jim Watch AppTests.xctest */,
				3806860E2EA10C7500F6DBBB /* hi_jim Watch AppUITests.xctest */,
			);
			name = Products;
			sourceTree = "<group>";
		};
/* End PBXGroup section */

/* Begin PBXNativeTarget section */
		380685EB2EA10C7400F6DBBB /* hi_jim */ = {
			isa = PBXNativeTarget;
			buildConfigurationList = 3806861C2EA10C7500F6DBBB /* Build configuration list for PBXNativeTarget "hi_jim" */;
			buildPhases = (
				380687012EA10C7400F6DBBB /* Sources */,
				380687022EA10C7400F6DBBB /* Frameworks */,
				380685EA2EA10C7400F6DBBB /* Resources */,
				3806861B2EA10C7500F6DBBB /* Embed Watch Content */,
			);
			buildRules = (
			);
			dependencies = (
				380685F52EA10C7400F6DBBB /* PBXTargetDependency */,
			);
			fileSystemSynchronizedGroups = (
				380687062EA10C7400F6DBBB /* hi_jim iOS App */,
			);
			name = hi_jim;
			packageProductDependencies = (
				380687072EA10C7400F6DBBB /* FirebaseMessaging */,
				380686282EA10E8B00F6DBBB /* FirebaseAnalytics */,
				380686502EA118BD00F6DBBB /* FirebaseDatabase */,
			);
			productName = hi_jim;
			productReference = 380685EC2EA10C7400F6DBBB /* hi_jim.app */;
			productType = "com.apple.product-type.application";
		};
		380685F12EA10C7400F6DBBB /* hi_jim Watch App */ = {
			isa = PBXNativeTarget;
			buildConfigurationList = 380686182EA10C7500F6DBBB /* Build configuration list for PBXNativeTarget "hi_jim Watch App" */;
			buildPhases = (
				380685EE2EA10C7400F6DBBB /* Sources */,
				380685EF2EA10C7400F6DBBB /* Frameworks */,
				380685F02EA10C7400F6DBBB /* Resources */,
			);
			buildRules = (
			);
			dependencies = (
			);
			fileSystemSynchronizedGroups = (
				380685F62EA10C7400F6DBBB /* hi_jim Watch App */,
			);
			name = "hi_jim Watch App";
			packageProductDependencies = (
				380686282EA10E8B00F6DBBB /* FirebaseAnalytics */,
				380686502EA118BD00F6DBBB /* FirebaseDatabase */,
				380686522EA118BD00F6DBBB /* FirebaseFirestore */,
			);
			productName = "hi_jim Watch App";
			productReference = 380685F22EA10C7400F6DBBB /* hi_jim Watch App.app */;
			productType = "com.apple.product-type.application";
		};
		380686032EA10C7500F6DBBB /* hi_jim Watch AppTests */ = {
			isa = PBXNativeTarget;
			buildConfigurationList = 3806861F2EA10C7500F6DBBB /* Build configuration list for PBXNativeTarget "hi_jim Watch AppTests" */;
			buildPhases = (
				380686002EA10C7500F6DBBB /* Sources */,
				380686012EA10C7500F6DBBB /* Frameworks */,
				380686022EA10C7500F6DBBB /* Resources */,
			);
			buildRules = (
			);
			dependencies = (
				380686062EA10C7500F6DBBB /* PBXTargetDependency */,
			);
			fileSystemSynchronizedGroups = (
				380686072EA10C7500F6DBBB /* hi_jim Watch AppTests */,
			);
			name = "hi_jim Watch AppTests";
			packageProductDependencies = (
			);
			productName = "hi_jim Watch AppTests";
			productReference = 380686042EA10C7500F6DBBB /* hi_jim Watch AppTests.xctest */;
			productType = "com.apple.product-type.bundle.unit-test";
		};
		3806860D2EA10C7500F6DBBB /* hi_jim Watch AppUITests */ = {
			isa = PBXNativeTarget;
			buildConfigurationList = 380686222EA10C7500F6DBBB /* Build configuration list for PBXNativeTarget "hi_jim Watch AppUITests" */;
			buildPhases = (
				3806860A2EA10C7500F6DBBB /* Sources */,
				3806860B2EA10C7500F6DBBB /* Frameworks */,
				3806860C2EA10C7500F6DBBB /* Resources */,
			);
			buildRules = (
			);
			dependencies = (
				380686102EA10C7500F6DBBB /* PBXTargetDependency */,
			);
			fileSystemSynchronizedGroups = (
				380686112EA10C7500F6DBBB /* hi_jim Watch AppUITests */,
			);
			name = "hi_jim Watch AppUITests";
			packageProductDependencies = (
			);
			productName = "hi_jim Watch AppUITests";
			productReference = 3806860E2EA10C7500F6DBBB /* hi_jim Watch AppUITests.xctest */;
			productType = "com.apple.product-type.bundle.ui-testing";
		};
/* End PBXNativeTarget section */

/* Begin PBXProject section */
		380685E62EA10C7400F6DBBB /* Project object */ = {
			isa = PBXProject;
			attributes = {
				BuildIndependentTargetsInParallel = 1;
				LastSwiftUpdateCheck = 1620;
				LastUpgradeCheck = 1620;
				TargetAttributes = {
					380685EB2EA10C7400F6DBBB = {
						CreatedOnToolsVersion = 16.2;
					};
					380685F12EA10C7400F6DBBB = {
						CreatedOnToolsVersion = 16.2;
					};
					380686032EA10C7500F6DBBB = {
						CreatedOnToolsVersion = 16.2;
						TestTargetID = 380685F12EA10C7400F6DBBB;
					};
					3806860D2EA10C7500F6DBBB = {
						CreatedOnToolsVersion = 16.2;
						TestTargetID = 380685F12EA10C7400F6DBBB;
					};
				};
			};
			buildConfigurationList = 380685E92EA10C7400F6DBBB /* Build configuration list for PBXProject "hi_jim" */;
			developmentRegion = en;
			hasScannedForEncodings = 0;
			knownRegions = (
				en,
				Base,
			);
			mainGroup = 380685E52EA10C7400F6DBBB;
			minimizedProjectReferenceProxies = 1;
			packageReferences = (
				380686272EA10E8B00F6DBBB /* XCRemoteSwiftPackageReference "firebase-ios-sdk" */,
			);
			preferredProjectObjectVersion = 77;
			productRefGroup = 380685ED2EA10C7400F6DBBB /* Products */;
			projectDirPath = "";
			projectRoot = "";
			targets = (
				380685EB2EA10C7400F6DBBB /* hi_jim */,
				380685F12EA10C7400F6DBBB /* hi_jim Watch App */,
				380686032EA10C7500F6DBBB /* hi_jim Watch AppTests */,
				3806860D2EA10C7500F6DBBB /* hi_jim Watch AppUITests */,
			);
		};
/* End PBXProject section */

/* Begin PBXResourcesBuildPhase section */
		380685EA2EA10C7400F6DBBB /* Resources */ = {
			isa = PBXResourcesBuildPhase;
			buildActionMask = 2147483647;
			files = (
			);
			runOnlyForDeploymentPostprocessing = 0;
		};
		380685F02EA10C7400F6DBBB /* Resources */ = {
			isa = PBXResourcesBuildPhase;
			buildActionMask = 2147483647;
			files = (
			);
			runOnlyForDeploymentPostprocessing = 0;
		};
		380686022EA10C7500F6DBBB /* Resources */ = {
			isa = PBXResourcesBuildPhase;
			buildActionMask = 2147483647;
			files = (
			);
			runOnlyForDeploymentPostprocessing = 0;
		};
		3806860C2EA10C7500F6DBBB /* Resources */ = {
			isa = PBXResourcesBuildPhase;
			buildActionMask = 2147483647;
			files = (
			);
			runOnlyForDeploymentPostprocessing = 0;
		};
/* End PBXResourcesBuildPhase section */

/* Begin PBXSourcesBuildPhase section */
		380685EE2EA10C7400F6DBBB /* Sources */ = {
			isa = PBXSourcesBuildPhase;
			buildActionMask = 2147483647;
			files = (
			);
			runOnlyForDeploymentPostprocessing = 0;
		};
		380686002EA10C7500F6DBBB /* Sources */ = {
			isa = PBXSourcesBuildPhase;
			buildActionMask = 2147483647;
			files = (
			);
			runOnlyForDeploymentPostprocessing = 0;
		};
		3806860A2EA10C7500F6DBBB /* Sources */ = {
			isa = PBXSourcesBuildPhase;
			buildActionMask = 2147483647;
			files = (
			);
			runOnlyForDeploymentPostprocessing = 0;
		};
		380687012EA10C7400F6DBBB /* Sources */ = {
			isa = PBXSourcesBuildPhase;
			buildActionMask = 2147483647;
			files = (
			);
			runOnlyForDeploymentPostprocessing = 0;
		};
/* End PBXSourcesBuildPhase section */

/* Begin PBXTargetDependency section */
		380685F52EA10C7400F6DBBB /* PBXTargetDependency */ = {
			isa = PBXTargetDependency;
			target = 380685F12EA10C7400F6DBBB /* hi_jim Watch App */;
			targetProxy = 380685F42EA10C7400F6DBBB /* PBXContainerItemProxy */;
		};
		380686062EA10C7500F6DBBB /* PBXTargetDependency */ = {
			isa = PBXTargetDependency;
			target = 380685F12EA10C7400F6DBBB /* hi_jim Watch App */;
			targetProxy = 380686052EA10C7500F6DBBB /* PBXContainerItemProxy */;
		};
		380686102EA10C7500F6DBBB /* PBXTargetDependency */ = {
			isa = PBXTargetDependency;
			target = 380685F12EA10C7400F6DBBB /* hi_jim Watch App */;
			targetProxy = 3806860F2EA10C7500F6DBBB /* PBXContainerItemProxy */;
		};
/* End PBXTargetDependency section */

/* Begin XCBuildConfiguration section */
		380686162EA10C7500F6DBBB /* Debug */ = {
			isa = XCBuildConfiguration;
			buildSettings = {
				ALWAYS_SEARCH_USER_PATHS = NO;
				ASSETCATALOG_COMPILER_GENERATE_SWIFT_ASSET_SYMBOL_EXTENSIONS = YES;
				CLANG_ANALYZER_NONNULL = YES;
				CLANG_ANALYZER_NUMBER_OBJECT_CONVERSION = YES_AGGRESSIVE;
				CLANG_CXX_LANGUAGE_STANDARD = "gnu++20";
				CLANG_ENABLE_MODULES = YES;
				CLANG_ENABLE_OBJC_ARC = YES;
				CLANG_ENABLE_OBJC_WEAK = YES;
				CLANG_WARN_BLOCK_CAPTURE_AUTORELEASING = YES;
				CLANG_WARN_BOOL_CONVERSION = YES;
				CLANG_WARN_COMMA = YES;
				CLANG_WARN_CONSTANT_CONVERSION = YES;
				CLANG_WARN_DEPRECATED_OBJC_IMPLEMENTATIONS = YES;
				CLANG_WARN_DIRECT_OBJC_ISA_USAGE = YES_ERROR;
				CLANG_WARN_DOCUMENTATION_COMMENTS = YES;
				CLANG_WARN_EMPTY_BODY = YES;
				CLANG_WARN_ENUM_CONVERSION = YES;
				CLANG_WARN_INFINITE_RECURSION = YES;
				CLANG_WARN_INT_CONVERSION = YES;
				CLANG_WARN_NON_LITERAL_NULL_CONVERSION = YES;
				CLANG_WARN_OBJC_IMPLICIT_RETAIN_SELF = YES;
				CLANG_WARN_OBJC_LITERAL_CONVERSION = YES;
				CLANG_WARN_OBJC_ROOT_CLASS = YES_ERROR;
				CLANG_WARN_QUOTED_INCLUDE_IN_FRAMEWORK_HEADER = YES;
				CLANG_WARN_RANGE_LOOP_ANALYSIS = YES;
				CLANG_WARN_STRICT_PROTOTYPES = YES;
				CLANG_WARN_SUSPICIOUS_MOVE = YES;
				CLANG_WARN_UNGUARDED_AVAILABILITY = YES_AGGRESSIVE;
				CLANG_WARN_UNREACHABLE_CODE = YES;
				CLANG_WARN__DUPLICATE_METHOD_MATCH = YES;
				COPY_PHASE_STRIP = NO;
				DEBUG_INFORMATION_FORMAT = dwarf;
				ENABLE_STRICT_OBJC_MSGSEND = YES;
				ENABLE_TESTABILITY = YES;
				ENABLE_USER_SCRIPT_SANDBOXING = YES;
				GCC_C_LANGUAGE_STANDARD = gnu17;
				GCC_DYNAMIC_NO_PIC = NO;
				GCC_NO_COMMON_BLOCKS = YES;
				GCC_OPTIMIZATION_LEVEL = 0;
				GCC_PREPROCESSOR_DEFINITIONS = (
					"DEBUG=1",
					"$(inherited)",
				);
				GCC_WARN_64_TO_32_BIT_CONVERSION = YES;
				GCC_WARN_ABOUT_RETURN_TYPE = YES_ERROR;
				GCC_WARN_UNDECLARED_SELECTOR = YES;
				GCC_WARN_UNINITIALIZED_AUTOS = YES_AGGRESSIVE;
				GCC_WARN_UNUSED_FUNCTION = YES;
				GCC_WARN_UNUSED_VARIABLE = YES;
				LOCALIZATION_PREFERS_STRING_CATALOGS = YES;
				MTL_ENABLE_DEBUG_INFO = INCLUDE_SOURCE;
				MTL_FAST_MATH = YES;
				ONLY_ACTIVE_ARCH = YES;
				SWIFT_ACTIVE_COMPILATION_CONDITIONS = "DEBUG $(inherited)";
				SWIFT_OPTIMIZATION_LEVEL = "-Onone";
			};
			name = Debug;
		};
		380686172EA10C7500F6DBBB /* Release */ = {
			isa = XCBuildConfiguration;
			buildSettings = {
				ALWAYS_SEARCH_USER_PATHS = NO;
				ASSETCATALOG_COMPILER_GENERATE_SWIFT_ASSET_SYMBOL_EXTENSIONS = YES;
				CLANG_ANALYZER_NONNULL = YES;
				CLANG_ANALYZER_NUMBER_OBJECT_CONVERSION = YES_AGGRESSIVE;
				CLANG_CXX_LANGUAGE_STANDARD = "gnu++20";
				CLANG_ENABLE_MODULES = YES;
				CLANG_ENABLE_OBJC_ARC = YES;
				CLANG_ENABLE_OBJC_WEAK = YES;
				CLANG_WARN_BLOCK_CAPTURE_AUTORELEASING = YES;
				CLANG_WARN_BOOL_CONVERSION = YES;
				CLANG_WARN_COMMA = YES;
				CLANG_WARN_CONSTANT_CONVERSION = YES;
				CLANG_WARN_DEPRECATED_OBJC_IMPLEMENTATIONS = YES;
				CLANG_WARN_DIRECT_OBJC_ISA_USAGE = YES_ERROR;
				CLANG_WARN_DOCUMENTATION_COMMENTS = YES;
				CLANG_WARN_EMPTY_BODY = YES;
				CLANG_WARN_ENUM_CONVERSION = YES;
				CLANG_WARN_INFINITE_RECURSION = YES;
				CLANG_WARN_INT_CONVERSION = YES;
				CLANG_WARN_NON_LITERAL_NULL_CONVERSION = YES;
				CLANG_WARN_OBJC_IMPLICIT_RETAIN_SELF = YES;
				CLANG_WARN_OBJC_LITERAL_CONVERSION = YES;
				CLANG_WARN_OBJC_ROOT_CLASS = YES_ERROR;
				CLANG_WARN_QUOTED_INCLUDE_IN_FRAMEWORK_HEADER = YES;
				CLANG_WARN_RANGE_LOOP_ANALYSIS = YES;
				CLANG_WARN_STRICT_PROTOTYPES = YES;
				CLANG_WARN_SUSPICIOUS_MOVE = YES;
				CLANG_WARN_UNGUARDED_AVAILABILITY = YES_AGGRESSIVE;
				CLANG_WARN_UNREACHABLE_CODE = YES;
				CLANG_WARN__DUPLICATE_METHOD_MATCH = YES;
				COPY_PHASE_STRIP = NO;
				DEBUG_INFORMATION_FORMAT = "dwarf-with-dsym";
				ENABLE_NS_ASSERTIONS = NO;
				ENABLE_STRICT_OBJC_MSGSEND = YES;
				ENABLE_USER_SCRIPT_SANDBOXING = YES;
				GCC_C_LANGUAGE_STANDARD = gnu17;
				GCC_NO_COMMON_BLOCKS = YES;
				GCC_WARN_64_TO_32_BIT_CONVERSION = YES;
				GCC_WARN_ABOUT_RETURN_TYPE = YES_ERROR;
				GCC_WARN_UNDECLARED_SELECTOR = YES;
				GCC_WARN_UNINITIALIZED_AUTOS = YES_AGGRESSIVE;
				GCC_WARN_UNUSED_FUNCTION = YES;
				GCC_WARN_UNUSED_VARIABLE = YES;
				LOCALIZATION_PREFERS_STRING_CATALOGS = YES;
				MTL_ENABLE_DEBUG_INFO = NO;
				MTL_FAST_MATH = YES;
				SWIFT_COMPILATION_MODE = wholemodule;
			};
			name = Release;
		};
		380686192EA10C7500F6DBBB /* Debug */ = {
			isa = XCBuildConfiguration;
			buildSettings = {
				ASSETCATALOG_COMPILER_APPICON_NAME = AppIcon;
				ASSETCATALOG_COMPILER_GLOBAL_ACCENT_COLOR_NAME = AccentColor;
				CODE_SIGN_STYLE = Automatic;
				CURRENT_PROJECT_VERSION = 1;
				DEVELOPMENT_ASSET_PATHS = "\"hi_jim Watch App/Preview Content\"";
				ENABLE_PREVIEWS = YES;
				GENERATE_INFOPLIST_FILE = YES;
				INFOPLIST_KEY_CFBundleDisplayName = hi_jim;
				INFOPLIST_KEY_UISupportedInterfaceOrientations = "UIInterfaceOrientationPortrait UIInterfaceOrientationPortraitUpsideDown";
				INFOPLIST_KEY_WKWatchOnly = YES;
				LD_RUNPATH_SEARCH_PATHS = (
					"$(inherited)",
					"@executable_path/Frameworks",
				);
				MARKETING_VERSION = 1.0;
				PRODUCT_BUNDLE_IDENTIFIER = "com.jim.hi-jim.watchkitapp";
				PRODUCT_NAME = "$(TARGET_NAME)";
				SDKROOT = watchos;
				SKIP_INSTALL = YES;
				SWIFT_EMIT_LOC_STRINGS = YES;
				SWIFT_VERSION = 5.0;
				TARGETED_DEVICE_FAMILY = 4;
				WATCHOS_DEPLOYMENT_TARGET = 11.2;
			};
			name = Debug;
		};
		3806861A2EA10C7500F6DBBB /* Release */ = {
			isa = XCBuildConfiguration;
			buildSettings = {
				ASSETCATALOG_COMPILER_APPICON_NAME = AppIcon;
				ASSETCATALOG_COMPILER_GLOBAL_ACCENT_COLOR_NAME = AccentColor;
				CODE_SIGN_STYLE = Automatic;
				CURRENT_PROJECT_VERSION = 1;
				DEVELOPMENT_ASSET_PATHS = "\"hi_jim Watch App/Preview Content\"";
				ENABLE_PREVIEWS = YES;
				GENERATE_INFOPLIST_FILE = YES;
				INFOPLIST_KEY_CFBundleDisplayName = hi_jim;
				INFOPLIST_KEY_UISupportedInterfaceOrientations = "UIInterfaceOrientationPortrait UIInterfaceOrientationPortraitUpsideDown";
				INFOPLIST_KEY_WKWatchOnly = YES;
				LD_RUNPATH_SEARCH_PATHS = (
					"$(inherited)",
					"@executable_path/Frameworks",
				);
				MARKETING_VERSION = 1.0;
				PRODUCT_BUNDLE_IDENTIFIER = "com.jim.hi-jim.watchkitapp";
				PRODUCT_NAME = "$(TARGET_NAME)";
				SDKROOT = watchos;
				SKIP_INSTALL = YES;
				SWIFT_EMIT_LOC_STRINGS = YES;
				SWIFT_VERSION = 5.0;
				TARGETED_DEVICE_FAMILY = 4;
				VALIDATE_PRODUCT = YES;
				WATCHOS_DEPLOYMENT_TARGET = 11.2;
			};
			name = Release;
		};
		3806861D2EA10C7500F6DBBB /* Debug */ = {
			isa = XCBuildConfiguration;
			buildSettings = {
				ASSETCATALOG_COMPILER_APPICON_NAME = AppIcon;
				ASSETCATALOG_COMPILER_GLOBAL_ACCENT_COLOR_NAME = AccentColor;
				CODE_SIGN_STYLE = Automatic;
				CURRENT_PROJECT_VERSION = 1;
				DEVELOPMENT_ASSET_PATHS = "\"hi_jim iOS App/Preview Content\"";
				DEVELOPMENT_TEAM = 7NARB43395;
				ENABLE_PREVIEWS = YES;
				GENERATE_INFOPLIST_FILE = YES;
				INFOPLIST_KEY_CFBundleDisplayName = hi_jim;
				INFOPLIST_KEY_UIApplicationSceneManifest_Generation = YES;
				INFOPLIST_KEY_UIApplicationSupportsIndirectInputEvents = YES;
				INFOPLIST_KEY_UILaunchScreen_Generation = YES;
				INFOPLIST_KEY_UISupportedInterfaceOrientations_iPad = "UIInterfaceOrientationPortrait UIInterfaceOrientationPortraitUpsideDown UIInterfaceOrientationLandscapeLeft UIInterfaceOrientationLandscapeRight";
				INFOPLIST_KEY_UISupportedInterfaceOrientations_iPhone = "UIInterfaceOrientationPortrait UIInterfaceOrientationLandscapeLeft UIInterfaceOrientationLandscapeRight";
				LD_RUNPATH_SEARCH_PATHS = (
					"$(inherited)",
					"@executable_path/Frameworks",
				);
				MARKETING_VERSION = 1.0;
				PRODUCT_BUNDLE_IDENTIFIER = "com.jim.hi-jim";
				PRODUCT_NAME = "$(TARGET_NAME)";
				SDKROOT = iphoneos;
				SWIFT_EMIT_LOC_STRINGS = YES;
				SWIFT_VERSION = 5.0;
				TARGETED_DEVICE_FAMILY = "1,2";
			};
			name = Debug;
		};
		3806861E2EA10C7500F6DBBB /* Release */ = {
			isa = XCBuildConfiguration;
			buildSettings = {
				ASSETCATALOG_COMPILER_APPICON_NAME = AppIcon;
				ASSETCATALOG_COMPILER_GLOBAL_ACCENT_COLOR_NAME = AccentColor;
				CODE_SIGN_STYLE = Automatic;
				CURRENT_PROJECT_VERSION = 1;
				DEVELOPMENT_ASSET_PATHS = "\"hi_jim iOS App/Preview Content\"";
				DEVELOPMENT_TEAM = 7NARB43395;
				ENABLE_PREVIEWS = YES;
				GENERATE_INFOPLIST_FILE = YES;
				INFOPLIST_KEY_CFBundleDisplayName = hi_jim;
				INFOPLIST_KEY_UIApplicationSceneManifest_Generation = YES;
				INFOPLIST_KEY_UIApplicationSupportsIndirectInputEvents = YES;
				INFOPLIST_KEY_UILaunchScreen_Generation = YES;
				INFOPLIST_KEY_UISupportedInterfaceOrientations_iPad = "UIInterfaceOrientationPortrait UIInterfaceOrientationPortraitUpsideDown UIInterfaceOrientationLandscapeLeft UIInterfaceOrientationLandscapeRight";
				INFOPLIST_KEY_UISupportedInterfaceOrientations_iPhone = "UIInterfaceOrientationPortrait UIInterfaceOrientationLandscapeLeft UIInterfaceOrientationLandscapeRight";
				LD_RUNPATH_SEARCH_PATHS = (
					"$(inherited)",
					"@executable_path/Frameworks",
				);
				MARKETING_VERSION = 1.0;
				PRODUCT_BUNDLE_IDENTIFIER = "com.jim.hi-jim";
				PRODUCT_NAME = "$(TARGET_NAME)";
				SDKROOT = iphoneos;
				SWIFT_EMIT_LOC_STRINGS = YES;
				SWIFT_VERSION = 5.0;
				TARGETED_DEVICE_FAMILY = "1,2";
				VALIDATE_PRODUCT = YES;
			};
			name = Release;
		};
		380686202EA10C7500F6DBBB /* Debug */ = {
			isa = XCBuildConfiguration;
			buildSettings = {
				BUNDLE_LOADER = "$(TEST_HOST)";
				CODE_SIGN_STYLE = Automatic;
				CURRENT_PROJECT_VERSION = 1;
				GENERATE_INFOPLIST_FILE = YES;
				MARKETING_VERSION = 1.0;
				PRODUCT_BUNDLE_IDENTIFIER = "com.jim.hi-jim-Watch-AppTests";
				PRODUCT_NAME = "$(TARGET_NAME)";
				SDKROOT = watchos;
				SWIFT_EMIT_LOC_STRINGS = NO;
				SWIFT_VERSION = 5.0;
				TARGETED_DEVICE_FAMILY = 4;
				TEST_HOST = "$(BUILT_PRODUCTS_DIR)/hi_jim Watch App.app/$(BUNDLE_EXECUTABLE_FOLDER_PATH)/hi_jim Watch App";
				WATCHOS_DEPLOYMENT_TARGET = 11.2;
			};
			name = Debug;
		};
		380686212EA10C7500F6DBBB /* Release */ = {
			isa = XCBuildConfiguration;
			buildSettings = {
				BUNDLE_LOADER = "$(TEST_HOST)";
				CODE_SIGN_STYLE = Automatic;
				CURRENT_PROJECT_VERSION = 1;
				GENERATE_INFOPLIST_FILE = YES;
				MARKETING_VERSION = 1.0;
				PRODUCT_BUNDLE_IDENTIFIER = "com.jim.hi-jim-Watch-AppTests";
				PRODUCT_NAME = "$(TARGET_NAME)";
				SDKROOT = watchos;
				SWIFT_EMIT_LOC_STRINGS = NO;
				SWIFT_VERSION = 5.0;
				TARGETED_DEVICE_FAMILY = 4;
				TEST_HOST = "$(BUILT_PRODUCTS_DIR)/hi_jim Watch App.app/$(BUNDLE_EXECUTABLE_FOLDER_PATH)/hi_jim Watch App";
				VALIDATE_PRODUCT = YES;
				WATCHOS_DEPLOYMENT_TARGET = 11.2;
			};
			name = Release;
		};
		380686232EA10C7500F6DBBB /* Debug */ = {
			isa = XCBuildConfiguration;
			buildSettings = {
				CODE_SIGN_STYLE = Automatic;
				CURRENT_PROJECT_VERSION = 1;
				GENERATE_INFOPLIST_FILE = YES;
				MARKETING_VERSION = 1.0;
				PRODUCT_BUNDLE_IDENTIFIER = "com.jim.hi-jim-Watch-AppUITests";
				PRODUCT_NAME = "$(TARGET_NAME)";
				SDKROOT = watchos;
				SWIFT_EMIT_LOC_STRINGS = NO;
				SWIFT_VERSION = 5.0;
				TARGETED_DEVICE_FAMILY = 4;
				TEST_TARGET_NAME = "hi_jim Watch App";
				WATCHOS_DEPLOYMENT_TARGET = 11.2;
			};
			name = Debug;
		};
		380686242EA10C7500F6DBBB /* Release */ = {
			isa = XCBuildConfiguration;
			buildSettings = {
				CODE_SIGN_STYLE = Automatic;
				CURRENT_PROJECT_VERSION = 1;
				GENERATE_INFOPLIST_FILE = YES;
				MARKETING_VERSION = 1.0;
				PRODUCT_BUNDLE_IDENTIFIER = "com.jim.hi-jim-Watch-AppUITests";
				PRODUCT_NAME = "$(TARGET_NAME)";
				SDKROOT = watchos;
				SWIFT_EMIT_LOC_STRINGS = NO;
				SWIFT_VERSION = 5.0;
				TARGETED_DEVICE_FAMILY = 4;
				TEST_TARGET_NAME = "hi_jim Watch App";
				VALIDATE_PRODUCT = YES;
				WATCHOS_DEPLOYMENT_TARGET = 11.2;
			};
			name = Release;
		};
/* End XCBuildConfiguration section */

/* Begin XCConfigurationList section */
		380685E92EA10C7400F6DBBB /* Build configuration list for PBXProject "hi_jim" */ = {
			isa = XCConfigurationList;
			buildConfigurations = (
				380686162EA10C7500F6DBBB /* Debug */,
				380686172EA10C7500F6DBBB /* Release */,
			);
			defaultConfigurationIsVisible = 0;
			defaultConfigurationName = Release;
		};
		380686182EA10C7500F6DBBB /* Build configuration list for PBXNativeTarget "hi_jim Watch App" */ = {
			isa = XCConfigurationList;
			buildConfigurations = (
				380686192EA10C7500F6DBBB /* Debug */,
				3806861A2EA10C7500F6DBBB /* Release */,
			);
			defaultConfigurationIsVisible = 0;
			defaultConfigurationName = Release;
		};
		3806861C2EA10C7500F6DBBB /* Build configuration list for PBXNativeTarget "hi_jim" */ = {
			isa = XCConfigurationList;
			buildConfigurations = (
				3806861D2EA10C7500F6DBBB /* Debug */,
				3806861E2EA10C7500F6DBBB /* Release */,
			);
			defaultConfigurationIsVisible = 0;
			defaultConfigurationName = Release;
		};
		3806861F2EA10C7500F6DBBB /* Build configuration list for PBXNativeTarget "hi_jim Watch AppTests" */ = {
			isa = XCConfigurationList;
			buildConfigurations = (
				380686202EA10C7500F6DBBB /* Debug */,
				380686212EA10C7500F6DBBB /* Release */,
			);
			defaultConfigurationIsVisible = 0;
			defaultConfigurationName = Release;
		};
		380686222EA10C7500F6DBBB /* Build configuration list for PBXNativeTarget "hi_jim Watch AppUITests" */ = {
			isa = XCConfigurationList;
			buildConfigurations = (
				380686232EA10C7500F6DBBB /* Debug */,
				380686242EA10C7500F6DBBB /* Release */,
			);
			defaultConfigurationIsVisible = 0;
			defaultConfigurationName = Release;
		};
/* End XCConfigurationList section */

/* Begin XCRemoteSwiftPackageReference section */
		380686272EA10E8B00F6DBBB /* XCRemoteSwiftPackageReference "firebase-ios-sdk" */ = {
			isa = XCRemoteSwiftPackageReference;
			repositoryURL = "https://github.com/firebase/firebase-ios-sdk";
			requirement = {
				kind = upToNextMajorVersion;
				minimumVersion = 12.4.0;
			};
		};
/* End XCRemoteSwiftPackageReference section */

/* Begin XCSwiftPackageProductDependency section */
		380686282EA10E8B00F6DBBB /* FirebaseAnalytics */ = {
			isa = XCSwiftPackageProductDependency;
			package = 380686272EA10E8B00F6DBBB /* XCRemoteSwiftPackageReference "firebase-ios-sdk" */;
			productName = FirebaseAnalytics;
		};
		380686502EA118BD00F6DBBB /* FirebaseDatabase */ = {
			isa = XCSwiftPackageProductDependency;
			package = 380686272EA10E8B00F6DBBB /* XCRemoteSwiftPackageReference "firebase-ios-sdk" */;
			productName = FirebaseDatabase;
		};
		380686522EA118BD00F6DBBB /* FirebaseFirestore */ = {
			isa = XCSwiftPackageProductDependency;
			package = 380686272EA10E8B00F6DBBB /* XCRemoteSwiftPackageReference "firebase-ios-sdk" */;
			productName = FirebaseFirestore;
		};
		380687072EA10C7400F6DBBB /* FirebaseMessaging */ = {
			isa = XCSwiftPackageProductDependency;
			package = 380686272EA10E8B00F6DBBB /* XCRemoteSwiftPackageReference "firebase-ios-sdk" */;
			productName = FirebaseMessaging;
		};
/* End XCSwiftPackageProductDependency section */
	};
	rootObject = 380685E62EA10C7400F6DBBB /* Project object */;
}
